// !$*UTF8*$!
{
	archiveVersion = 1;
	classes = {
	};
	objectVersion = 46;
	objects = {

/* Begin PBXBuildFile section */
		F3230E0F19B48EA900080753 /* LoginViewController.m in Sources */ = {isa = PBXBuildFile; fileRef = F3230E0D19B48EA900080753 /* LoginViewController.m */; };
		F3230E1019B48EA900080753 /* LoginViewController.xib in Resources */ = {isa = PBXBuildFile; fileRef = F3230E0E19B48EA900080753 /* LoginViewController.xib */; };
		F344BA6A19B3109500C22589 /* main.m in Sources */ = {isa = PBXBuildFile; fileRef = F344BA6919B3109500C22589 /* main.m */; };
		F344BA6D19B3109500C22589 /* AppDelegate.m in Sources */ = {isa = PBXBuildFile; fileRef = F344BA6C19B3109500C22589 /* AppDelegate.m */; };
		F344BA7019B3109500C22589 /* ViewController.m in Sources */ = {isa = PBXBuildFile; fileRef = F344BA6F19B3109500C22589 /* ViewController.m */; };
		F344BA7319B3109500C22589 /* Main.storyboard in Resources */ = {isa = PBXBuildFile; fileRef = F344BA7119B3109500C22589 /* Main.storyboard */; };
		F344BA7519B3109500C22589 /* Images.xcassets in Resources */ = {isa = PBXBuildFile; fileRef = F344BA7419B3109500C22589 /* Images.xcassets */; };
		F344BA8119B3109500C22589 /* xcode6TestTests.m in Sources */ = {isa = PBXBuildFile; fileRef = F344BA8019B3109500C22589 /* xcode6TestTests.m */; };
		F344BA8B19B3117500C22589 /* ViewController.xib in Resources */ = {isa = PBXBuildFile; fileRef = F344BA8A19B3117500C22589 /* ViewController.xib */; };
		F3A7154319B86DB2004D630D /* HomePageNextStepViewController.m in Sources */ = {isa = PBXBuildFile; fileRef = F3A7154119B86DB2004D630D /* HomePageNextStepViewController.m */; };
		F3A7154419B86DB2004D630D /* HomePageNextStepViewController.xib in Resources */ = {isa = PBXBuildFile; fileRef = F3A7154219B86DB2004D630D /* HomePageNextStepViewController.xib */; };
		F3BF6A4419B5DA840022AE12 /* LoginFormViewController.m in Sources */ = {isa = PBXBuildFile; fileRef = F3BF6A4219B5DA840022AE12 /* LoginFormViewController.m */; };
		F3BF6A4519B5DA840022AE12 /* LoginFormViewController.xib in Resources */ = {isa = PBXBuildFile; fileRef = F3BF6A4319B5DA840022AE12 /* LoginFormViewController.xib */; };
		F3BF6A4819B5EA4C0022AE12 /* LoginFormView.m in Sources */ = {isa = PBXBuildFile; fileRef = F3BF6A4719B5EA4C0022AE12 /* LoginFormView.m */; };
		F3BF6A4C19B6A49D0022AE12 /* HomeViewController.m in Sources */ = {isa = PBXBuildFile; fileRef = F3BF6A4A19B6A49D0022AE12 /* HomeViewController.m */; };
		F3BF6A4D19B6A49D0022AE12 /* HomeViewController.xib in Resources */ = {isa = PBXBuildFile; fileRef = F3BF6A4B19B6A49D0022AE12 /* HomeViewController.xib */; };
		F3BF6A5119B6C0C20022AE12 /* DetailViewController.m in Sources */ = {isa = PBXBuildFile; fileRef = F3BF6A4F19B6C0C20022AE12 /* DetailViewController.m */; };
		F3BF6A5219B6C0C20022AE12 /* DetailViewController.xib in Resources */ = {isa = PBXBuildFile; fileRef = F3BF6A5019B6C0C20022AE12 /* DetailViewController.xib */; };
		F3BF6A5519B6E7BF0022AE12 /* BasicViewController.m in Sources */ = {isa = PBXBuildFile; fileRef = F3BF6A5419B6E7BF0022AE12 /* BasicViewController.m */; };
		F3BF6A6619B70BD60022AE12 /* UINavigationController+ShakeAnimation.m in Sources */ = {isa = PBXBuildFile; fileRef = F3BF6A6519B70BD60022AE12 /* UINavigationController+ShakeAnimation.m */; };
		F3BF6A6E19B737D40022AE12 /* ContainerViewController.m in Sources */ = {isa = PBXBuildFile; fileRef = F3BF6A6C19B737D40022AE12 /* ContainerViewController.m */; };
		F3BF6A6F19B737D40022AE12 /* ContainerViewController.xib in Resources */ = {isa = PBXBuildFile; fileRef = F3BF6A6D19B737D40022AE12 /* ContainerViewController.xib */; };
		F3BF6A7319B73B930022AE12 /* HomePageViewController.m in Sources */ = {isa = PBXBuildFile; fileRef = F3BF6A7119B73B930022AE12 /* HomePageViewController.m */; };
		F3BF6A7419B73B930022AE12 /* HomePageViewController.xib in Resources */ = {isa = PBXBuildFile; fileRef = F3BF6A7219B73B930022AE12 /* HomePageViewController.xib */; };
		F3BF6A7819B73BF10022AE12 /* ChatListViewController.m in Sources */ = {isa = PBXBuildFile; fileRef = F3BF6A7619B73BF10022AE12 /* ChatListViewController.m */; };
		F3BF6A7919B73BF10022AE12 /* ChatListViewController.xib in Resources */ = {isa = PBXBuildFile; fileRef = F3BF6A7719B73BF10022AE12 /* ChatListViewController.xib */; };
		F3BF6A7D19B73C280022AE12 /* SettingsViewController.m in Sources */ = {isa = PBXBuildFile; fileRef = F3BF6A7B19B73C280022AE12 /* SettingsViewController.m */; };
		F3BF6A7E19B73C280022AE12 /* SettingsViewController.xib in Resources */ = {isa = PBXBuildFile; fileRef = F3BF6A7C19B73C280022AE12 /* SettingsViewController.xib */; };
		F3BF6A8619B7563C0022AE12 /* CoreFoundation.framework in Frameworks */ = {isa = PBXBuildFile; fileRef = F3BF6A8419B7563C0022AE12 /* CoreFoundation.framework */; };
		F3BF6A8719B7563C0022AE12 /* CoreGraphics.framework in Frameworks */ = {isa = PBXBuildFile; fileRef = F3BF6A8519B7563C0022AE12 /* CoreGraphics.framework */; };
		F3BF6A8919B7565F0022AE12 /* UIKit.framework in Frameworks */ = {isa = PBXBuildFile; fileRef = F3BF6A8819B7565F0022AE12 /* UIKit.framework */; };
/* End PBXBuildFile section */

/* Begin PBXContainerItemProxy section */
		F344BA7B19B3109500C22589 /* PBXContainerItemProxy */ = {
			isa = PBXContainerItemProxy;
			containerPortal = F344BA5C19B3109500C22589 /* Project object */;
			proxyType = 1;
			remoteGlobalIDString = F344BA6319B3109500C22589;
			remoteInfo = xcode6Test;
		};
/* End PBXContainerItemProxy section */

/* Begin PBXFileReference section */
		F3230E0C19B48EA900080753 /* LoginViewController.h */ = {isa = PBXFileReference; fileEncoding = 4; lastKnownFileType = sourcecode.c.h; path = LoginViewController.h; sourceTree = "<group>"; };
		F3230E0D19B48EA900080753 /* LoginViewController.m */ = {isa = PBXFileReference; fileEncoding = 4; lastKnownFileType = sourcecode.c.objc; path = LoginViewController.m; sourceTree = "<group>"; };
		F3230E0E19B48EA900080753 /* LoginViewController.xib */ = {isa = PBXFileReference; fileEncoding = 4; lastKnownFileType = file.xib; path = LoginViewController.xib; sourceTree = "<group>"; };
		F344BA6419B3109500C22589 /* xcode6Test.app */ = {isa = PBXFileReference; explicitFileType = wrapper.application; includeInIndex = 0; path = xcode6Test.app; sourceTree = BUILT_PRODUCTS_DIR; };
		F344BA6819B3109500C22589 /* Info.plist */ = {isa = PBXFileReference; lastKnownFileType = text.plist.xml; path = Info.plist; sourceTree = "<group>"; };
		F344BA6919B3109500C22589 /* main.m */ = {isa = PBXFileReference; lastKnownFileType = sourcecode.c.objc; path = main.m; sourceTree = "<group>"; };
		F344BA6B19B3109500C22589 /* AppDelegate.h */ = {isa = PBXFileReference; lastKnownFileType = sourcecode.c.h; path = AppDelegate.h; sourceTree = "<group>"; };
		F344BA6C19B3109500C22589 /* AppDelegate.m */ = {isa = PBXFileReference; lastKnownFileType = sourcecode.c.objc; path = AppDelegate.m; sourceTree = "<group>"; };
		F344BA6E19B3109500C22589 /* ViewController.h */ = {isa = PBXFileReference; lastKnownFileType = sourcecode.c.h; path = ViewController.h; sourceTree = "<group>"; };
		F344BA6F19B3109500C22589 /* ViewController.m */ = {isa = PBXFileReference; lastKnownFileType = sourcecode.c.objc; path = ViewController.m; sourceTree = "<group>"; };
		F344BA7219B3109500C22589 /* Base */ = {isa = PBXFileReference; lastKnownFileType = file.storyboard; name = Base; path = Base.lproj/Main.storyboard; sourceTree = "<group>"; };
		F344BA7419B3109500C22589 /* Images.xcassets */ = {isa = PBXFileReference; lastKnownFileType = folder.assetcatalog; path = Images.xcassets; sourceTree = "<group>"; };
		F344BA7A19B3109500C22589 /* xcode6TestTests.xctest */ = {isa = PBXFileReference; explicitFileType = wrapper.cfbundle; includeInIndex = 0; path = xcode6TestTests.xctest; sourceTree = BUILT_PRODUCTS_DIR; };
		F344BA7F19B3109500C22589 /* Info.plist */ = {isa = PBXFileReference; lastKnownFileType = text.plist.xml; path = Info.plist; sourceTree = "<group>"; };
		F344BA8019B3109500C22589 /* xcode6TestTests.m */ = {isa = PBXFileReference; lastKnownFileType = sourcecode.c.objc; path = xcode6TestTests.m; sourceTree = "<group>"; };
		F344BA8A19B3117500C22589 /* ViewController.xib */ = {isa = PBXFileReference; fileEncoding = 4; lastKnownFileType = file.xib; path = ViewController.xib; sourceTree = "<group>"; };
		F3A7154019B86DB2004D630D /* HomePageNextStepViewController.h */ = {isa = PBXFileReference; fileEncoding = 4; lastKnownFileType = sourcecode.c.h; path = HomePageNextStepViewController.h; sourceTree = "<group>"; };
		F3A7154119B86DB2004D630D /* HomePageNextStepViewController.m */ = {isa = PBXFileReference; fileEncoding = 4; lastKnownFileType = sourcecode.c.objc; path = HomePageNextStepViewController.m; sourceTree = "<group>"; };
		F3A7154219B86DB2004D630D /* HomePageNextStepViewController.xib */ = {isa = PBXFileReference; fileEncoding = 4; lastKnownFileType = file.xib; path = HomePageNextStepViewController.xib; sourceTree = "<group>"; };
		F3BF6A4119B5DA830022AE12 /* LoginFormViewController.h */ = {isa = PBXFileReference; fileEncoding = 4; lastKnownFileType = sourcecode.c.h; path = LoginFormViewController.h; sourceTree = "<group>"; };
		F3BF6A4219B5DA840022AE12 /* LoginFormViewController.m */ = {isa = PBXFileReference; fileEncoding = 4; lastKnownFileType = sourcecode.c.objc; path = LoginFormViewController.m; sourceTree = "<group>"; };
		F3BF6A4319B5DA840022AE12 /* LoginFormViewController.xib */ = {isa = PBXFileReference; fileEncoding = 4; lastKnownFileType = file.xib; path = LoginFormViewController.xib; sourceTree = "<group>"; };
		F3BF6A4619B5EA4C0022AE12 /* LoginFormView.h */ = {isa = PBXFileReference; fileEncoding = 4; lastKnownFileType = sourcecode.c.h; path = LoginFormView.h; sourceTree = "<group>"; };
		F3BF6A4719B5EA4C0022AE12 /* LoginFormView.m */ = {isa = PBXFileReference; fileEncoding = 4; lastKnownFileType = sourcecode.c.objc; path = LoginFormView.m; sourceTree = "<group>"; };
		F3BF6A4919B6A49D0022AE12 /* HomeViewController.h */ = {isa = PBXFileReference; fileEncoding = 4; lastKnownFileType = sourcecode.c.h; path = HomeViewController.h; sourceTree = "<group>"; };
		F3BF6A4A19B6A49D0022AE12 /* HomeViewController.m */ = {isa = PBXFileReference; fileEncoding = 4; lastKnownFileType = sourcecode.c.objc; path = HomeViewController.m; sourceTree = "<group>"; };
		F3BF6A4B19B6A49D0022AE12 /* HomeViewController.xib */ = {isa = PBXFileReference; fileEncoding = 4; lastKnownFileType = file.xib; path = HomeViewController.xib; sourceTree = "<group>"; };
		F3BF6A4E19B6C0C20022AE12 /* DetailViewController.h */ = {isa = PBXFileReference; fileEncoding = 4; lastKnownFileType = sourcecode.c.h; path = DetailViewController.h; sourceTree = "<group>"; };
		F3BF6A4F19B6C0C20022AE12 /* DetailViewController.m */ = {isa = PBXFileReference; fileEncoding = 4; lastKnownFileType = sourcecode.c.objc; path = DetailViewController.m; sourceTree = "<group>"; };
		F3BF6A5019B6C0C20022AE12 /* DetailViewController.xib */ = {isa = PBXFileReference; fileEncoding = 4; lastKnownFileType = file.xib; path = DetailViewController.xib; sourceTree = "<group>"; };
		F3BF6A5319B6E7BF0022AE12 /* BasicViewController.h */ = {isa = PBXFileReference; fileEncoding = 4; lastKnownFileType = sourcecode.c.h; path = BasicViewController.h; sourceTree = "<group>"; };
		F3BF6A5419B6E7BF0022AE12 /* BasicViewController.m */ = {isa = PBXFileReference; fileEncoding = 4; lastKnownFileType = sourcecode.c.objc; path = BasicViewController.m; sourceTree = "<group>"; };
		F3BF6A6419B70BD60022AE12 /* UINavigationController+ShakeAnimation.h */ = {isa = PBXFileReference; fileEncoding = 4; lastKnownFileType = sourcecode.c.h; path = "UINavigationController+ShakeAnimation.h"; sourceTree = "<group>"; };
		F3BF6A6519B70BD60022AE12 /* UINavigationController+ShakeAnimation.m */ = {isa = PBXFileReference; fileEncoding = 4; lastKnownFileType = sourcecode.c.objc; path = "UINavigationController+ShakeAnimation.m"; sourceTree = "<group>"; };
		F3BF6A6B19B737D40022AE12 /* ContainerViewController.h */ = {isa = PBXFileReference; fileEncoding = 4; lastKnownFileType = sourcecode.c.h; path = ContainerViewController.h; sourceTree = "<group>"; };
		F3BF6A6C19B737D40022AE12 /* ContainerViewController.m */ = {isa = PBXFileReference; fileEncoding = 4; lastKnownFileType = sourcecode.c.objc; path = ContainerViewController.m; sourceTree = "<group>"; };
		F3BF6A6D19B737D40022AE12 /* ContainerViewController.xib */ = {isa = PBXFileReference; fileEncoding = 4; lastKnownFileType = file.xib; path = ContainerViewController.xib; sourceTree = "<group>"; };
		F3BF6A7019B73B930022AE12 /* HomePageViewController.h */ = {isa = PBXFileReference; fileEncoding = 4; lastKnownFileType = sourcecode.c.h; path = HomePageViewController.h; sourceTree = "<group>"; };
		F3BF6A7119B73B930022AE12 /* HomePageViewController.m */ = {isa = PBXFileReference; fileEncoding = 4; lastKnownFileType = sourcecode.c.objc; path = HomePageViewController.m; sourceTree = "<group>"; };
		F3BF6A7219B73B930022AE12 /* HomePageViewController.xib */ = {isa = PBXFileReference; fileEncoding = 4; lastKnownFileType = file.xib; path = HomePageViewController.xib; sourceTree = "<group>"; };
		F3BF6A7519B73BF10022AE12 /* ChatListViewController.h */ = {isa = PBXFileReference; fileEncoding = 4; lastKnownFileType = sourcecode.c.h; path = ChatListViewController.h; sourceTree = "<group>"; };
		F3BF6A7619B73BF10022AE12 /* ChatListViewController.m */ = {isa = PBXFileReference; fileEncoding = 4; lastKnownFileType = sourcecode.c.objc; path = ChatListViewController.m; sourceTree = "<group>"; };
		F3BF6A7719B73BF10022AE12 /* ChatListViewController.xib */ = {isa = PBXFileReference; fileEncoding = 4; lastKnownFileType = file.xib; path = ChatListViewController.xib; sourceTree = "<group>"; };
		F3BF6A7A19B73C280022AE12 /* SettingsViewController.h */ = {isa = PBXFileReference; fileEncoding = 4; lastKnownFileType = sourcecode.c.h; path = SettingsViewController.h; sourceTree = "<group>"; };
		F3BF6A7B19B73C280022AE12 /* SettingsViewController.m */ = {isa = PBXFileReference; fileEncoding = 4; lastKnownFileType = sourcecode.c.objc; path = SettingsViewController.m; sourceTree = "<group>"; };
		F3BF6A7C19B73C280022AE12 /* SettingsViewController.xib */ = {isa = PBXFileReference; fileEncoding = 4; lastKnownFileType = file.xib; path = SettingsViewController.xib; sourceTree = "<group>"; };
		F3BF6A8419B7563C0022AE12 /* CoreFoundation.framework */ = {isa = PBXFileReference; lastKnownFileType = wrapper.framework; name = CoreFoundation.framework; path = System/Library/Frameworks/CoreFoundation.framework; sourceTree = SDKROOT; };
		F3BF6A8519B7563C0022AE12 /* CoreGraphics.framework */ = {isa = PBXFileReference; lastKnownFileType = wrapper.framework; name = CoreGraphics.framework; path = System/Library/Frameworks/CoreGraphics.framework; sourceTree = SDKROOT; };
		F3BF6A8819B7565F0022AE12 /* UIKit.framework */ = {isa = PBXFileReference; lastKnownFileType = wrapper.framework; name = UIKit.framework; path = System/Library/Frameworks/UIKit.framework; sourceTree = SDKROOT; };
/* End PBXFileReference section */

/* Begin PBXFrameworksBuildPhase section */
		F344BA6119B3109500C22589 /* Frameworks */ = {
			isa = PBXFrameworksBuildPhase;
			buildActionMask = 2147483647;
			files = (
				F3BF6A8919B7565F0022AE12 /* UIKit.framework in Frameworks */,
				F3BF6A8619B7563C0022AE12 /* CoreFoundation.framework in Frameworks */,
				F3BF6A8719B7563C0022AE12 /* CoreGraphics.framework in Frameworks */,
			);
			runOnlyForDeploymentPostprocessing = 0;
		};
		F344BA7719B3109500C22589 /* Frameworks */ = {
			isa = PBXFrameworksBuildPhase;
			buildActionMask = 2147483647;
			files = (
			);
			runOnlyForDeploymentPostprocessing = 0;
		};
/* End PBXFrameworksBuildPhase section */

/* Begin PBXGroup section */
		F344BA5B19B3109500C22589 = {
			isa = PBXGroup;
			children = (
				F3BF6A8819B7565F0022AE12 /* UIKit.framework */,
				F3BF6A8419B7563C0022AE12 /* CoreFoundation.framework */,
				F3BF6A8519B7563C0022AE12 /* CoreGraphics.framework */,
				F344BA6619B3109500C22589 /* xcode6Test */,
				F344BA7D19B3109500C22589 /* xcode6TestTests */,
				F344BA6519B3109500C22589 /* Products */,
			);
			sourceTree = "<group>";
		};
		F344BA6519B3109500C22589 /* Products */ = {
			isa = PBXGroup;
			children = (
				F344BA6419B3109500C22589 /* xcode6Test.app */,
				F344BA7A19B3109500C22589 /* xcode6TestTests.xctest */,
			);
			name = Products;
			sourceTree = "<group>";
		};
		F344BA6619B3109500C22589 /* xcode6Test */ = {
			isa = PBXGroup;
			children = (
				F3BF6A6719B7373E0022AE12 /* proto.parent.children */,
				F3BF6A5A19B708460022AE12 /* proto.navi.category */,
				F3BF6A5919B707840022AE12 /* proto.anim.swith */,
				F3BF6A5819B707540022AE12 /* proto.anim.layer */,
				F3BF6A5719B7072B0022AE12 /* proto.anim.center */,
				F3BF6A5619B706D60022AE12 /* proto.autolayout */,
				F344BA6B19B3109500C22589 /* AppDelegate.h */,
				F344BA6C19B3109500C22589 /* AppDelegate.m */,
				F344BA7119B3109500C22589 /* Main.storyboard */,
				F344BA7419B3109500C22589 /* Images.xcassets */,
				F344BA6719B3109500C22589 /* Supporting Files */,
			);
			path = xcode6Test;
			sourceTree = "<group>";
		};
		F344BA6719B3109500C22589 /* Supporting Files */ = {
			isa = PBXGroup;
			children = (
				F344BA6819B3109500C22589 /* Info.plist */,
				F344BA6919B3109500C22589 /* main.m */,
			);
			name = "Supporting Files";
			sourceTree = "<group>";
		};
		F344BA7D19B3109500C22589 /* xcode6TestTests */ = {
			isa = PBXGroup;
			children = (
				F344BA8019B3109500C22589 /* xcode6TestTests.m */,
				F344BA7E19B3109500C22589 /* Supporting Files */,
			);
			path = xcode6TestTests;
			sourceTree = "<group>";
		};
		F344BA7E19B3109500C22589 /* Supporting Files */ = {
			isa = PBXGroup;
			children = (
				F344BA7F19B3109500C22589 /* Info.plist */,
			);
			name = "Supporting Files";
			sourceTree = "<group>";
		};
		F3BF6A5619B706D60022AE12 /* proto.autolayout */ = {
			isa = PBXGroup;
			children = (
				F344BA6E19B3109500C22589 /* ViewController.h */,
				F344BA6F19B3109500C22589 /* ViewController.m */,
				F344BA8A19B3117500C22589 /* ViewController.xib */,
			);
			name = proto.autolayout;
			sourceTree = "<group>";
		};
		F3BF6A5719B7072B0022AE12 /* proto.anim.center */ = {
			isa = PBXGroup;
			children = (
				F3230E0C19B48EA900080753 /* LoginViewController.h */,
				F3230E0D19B48EA900080753 /* LoginViewController.m */,
				F3230E0E19B48EA900080753 /* LoginViewController.xib */,
			);
			name = proto.anim.center;
			sourceTree = "<group>";
		};
		F3BF6A5819B707540022AE12 /* proto.anim.layer */ = {
			isa = PBXGroup;
			children = (
				F3BF6A4119B5DA830022AE12 /* LoginFormViewController.h */,
				F3BF6A4219B5DA840022AE12 /* LoginFormViewController.m */,
				F3BF6A4319B5DA840022AE12 /* LoginFormViewController.xib */,
				F3BF6A4619B5EA4C0022AE12 /* LoginFormView.h */,
				F3BF6A4719B5EA4C0022AE12 /* LoginFormView.m */,
			);
			name = proto.anim.layer;
			sourceTree = "<group>";
		};
		F3BF6A5919B707840022AE12 /* proto.anim.swith */ = {
			isa = PBXGroup;
			children = (
				F3BF6A4919B6A49D0022AE12 /* HomeViewController.h */,
				F3BF6A4A19B6A49D0022AE12 /* HomeViewController.m */,
				F3BF6A4B19B6A49D0022AE12 /* HomeViewController.xib */,
				F3BF6A4E19B6C0C20022AE12 /* DetailViewController.h */,
				F3BF6A4F19B6C0C20022AE12 /* DetailViewController.m */,
				F3BF6A5019B6C0C20022AE12 /* DetailViewController.xib */,
				F3BF6A5319B6E7BF0022AE12 /* BasicViewController.h */,
				F3BF6A5419B6E7BF0022AE12 /* BasicViewController.m */,
			);
			name = proto.anim.swith;
			sourceTree = "<group>";
		};
		F3BF6A5A19B708460022AE12 /* proto.navi.category */ = {
			isa = PBXGroup;
			children = (
				F3BF6A6419B70BD60022AE12 /* UINavigationController+ShakeAnimation.h */,
				F3BF6A6519B70BD60022AE12 /* UINavigationController+ShakeAnimation.m */,
			);
			name = proto.navi.category;
			sourceTree = "<group>";
		};
		F3BF6A6719B7373E0022AE12 /* proto.parent.children */ = {
			isa = PBXGroup;
			children = (
				F3BF6A6B19B737D40022AE12 /* ContainerViewController.h */,
				F3BF6A6C19B737D40022AE12 /* ContainerViewController.m */,
				F3BF6A6D19B737D40022AE12 /* ContainerViewController.xib */,
				F3BF6A7019B73B930022AE12 /* HomePageViewController.h */,
				F3BF6A7119B73B930022AE12 /* HomePageViewController.m */,
				F3BF6A7219B73B930022AE12 /* HomePageViewController.xib */,
				F3BF6A7519B73BF10022AE12 /* ChatListViewController.h */,
				F3BF6A7619B73BF10022AE12 /* ChatListViewController.m */,
				F3BF6A7719B73BF10022AE12 /* ChatListViewController.xib */,
				F3BF6A7A19B73C280022AE12 /* SettingsViewController.h */,
				F3BF6A7B19B73C280022AE12 /* SettingsViewController.m */,
				F3BF6A7C19B73C280022AE12 /* SettingsViewController.xib */,
				F3A7154019B86DB2004D630D /* HomePageNextStepViewController.h */,
				F3A7154119B86DB2004D630D /* HomePageNextStepViewController.m */,
				F3A7154219B86DB2004D630D /* HomePageNextStepViewController.xib */,
			);
			name = proto.parent.children;
			sourceTree = "<group>";
		};
/* End PBXGroup section */

/* Begin PBXNativeTarget section */
		F344BA6319B3109500C22589 /* xcode6Test */ = {
			isa = PBXNativeTarget;
			buildConfigurationList = F344BA8419B3109500C22589 /* Build configuration list for PBXNativeTarget "xcode6Test" */;
			buildPhases = (
				F344BA6019B3109500C22589 /* Sources */,
				F344BA6119B3109500C22589 /* Frameworks */,
				F344BA6219B3109500C22589 /* Resources */,
			);
			buildRules = (
			);
			dependencies = (
			);
			name = xcode6Test;
			productName = xcode6Test;
			productReference = F344BA6419B3109500C22589 /* xcode6Test.app */;
			productType = "com.apple.product-type.application";
		};
		F344BA7919B3109500C22589 /* xcode6TestTests */ = {
			isa = PBXNativeTarget;
			buildConfigurationList = F344BA8719B3109500C22589 /* Build configuration list for PBXNativeTarget "xcode6TestTests" */;
			buildPhases = (
				F344BA7619B3109500C22589 /* Sources */,
				F344BA7719B3109500C22589 /* Frameworks */,
				F344BA7819B3109500C22589 /* Resources */,
			);
			buildRules = (
			);
			dependencies = (
				F344BA7C19B3109500C22589 /* PBXTargetDependency */,
			);
			name = xcode6TestTests;
			productName = xcode6TestTests;
			productReference = F344BA7A19B3109500C22589 /* xcode6TestTests.xctest */;
			productType = "com.apple.product-type.bundle.unit-test";
		};
/* End PBXNativeTarget section */

/* Begin PBXProject section */
		F344BA5C19B3109500C22589 /* Project object */ = {
			isa = PBXProject;
			attributes = {
				LastUpgradeCheck = 0600;
				ORGANIZATIONNAME = "Marshal Wu";
				TargetAttributes = {
					F344BA6319B3109500C22589 = {
						CreatedOnToolsVersion = 6.0;
					};
					F344BA7919B3109500C22589 = {
						CreatedOnToolsVersion = 6.0;
						TestTargetID = F344BA6319B3109500C22589;
					};
				};
			};
			buildConfigurationList = F344BA5F19B3109500C22589 /* Build configuration list for PBXProject "xcode6Test" */;
			compatibilityVersion = "Xcode 3.2";
			developmentRegion = English;
			hasScannedForEncodings = 0;
			knownRegions = (
				en,
				Base,
			);
			mainGroup = F344BA5B19B3109500C22589;
			productRefGroup = F344BA6519B3109500C22589 /* Products */;
			projectDirPath = "";
			projectRoot = "";
			targets = (
				F344BA6319B3109500C22589 /* xcode6Test */,
				F344BA7919B3109500C22589 /* xcode6TestTests */,
			);
		};
/* End PBXProject section */

/* Begin PBXResourcesBuildPhase section */
		F344BA6219B3109500C22589 /* Resources */ = {
			isa = PBXResourcesBuildPhase;
			buildActionMask = 2147483647;
			files = (
				F3230E1019B48EA900080753 /* LoginViewController.xib in Resources */,
				F344BA7319B3109500C22589 /* Main.storyboard in Resources */,
				F3BF6A7E19B73C280022AE12 /* SettingsViewController.xib in Resources */,
				F3A7154419B86DB2004D630D /* HomePageNextStepViewController.xib in Resources */,
				F3BF6A5219B6C0C20022AE12 /* DetailViewController.xib in Resources */,
				F344BA8B19B3117500C22589 /* ViewController.xib in Resources */,
				F344BA7519B3109500C22589 /* Images.xcassets in Resources */,
				F3BF6A4519B5DA840022AE12 /* LoginFormViewController.xib in Resources */,
				F3BF6A6F19B737D40022AE12 /* ContainerViewController.xib in Resources */,
				F3BF6A7419B73B930022AE12 /* HomePageViewController.xib in Resources */,
				F3BF6A7919B73BF10022AE12 /* ChatListViewController.xib in Resources */,
				F3BF6A4D19B6A49D0022AE12 /* HomeViewController.xib in Resources */,
			);
			runOnlyForDeploymentPostprocessing = 0;
		};
		F344BA7819B3109500C22589 /* Resources */ = {
			isa = PBXResourcesBuildPhase;
			buildActionMask = 2147483647;
			files = (
			);
			runOnlyForDeploymentPostprocessing = 0;
		};
/* End PBXResourcesBuildPhase section */

/* Begin PBXSourcesBuildPhase section */
		F344BA6019B3109500C22589 /* Sources */ = {
			isa = PBXSourcesBuildPhase;
			buildActionMask = 2147483647;
			files = (
				F3230E0F19B48EA900080753 /* LoginViewController.m in Sources */,
				F344BA7019B3109500C22589 /* ViewController.m in Sources */,
				F3BF6A4419B5DA840022AE12 /* LoginFormViewController.m in Sources */,
				F3BF6A6619B70BD60022AE12 /* UINavigationController+ShakeAnimation.m in Sources */,
				F3BF6A5119B6C0C20022AE12 /* DetailViewController.m in Sources */,
				F344BA6D19B3109500C22589 /* AppDelegate.m in Sources */,
				F3BF6A5519B6E7BF0022AE12 /* BasicViewController.m in Sources */,
				F3BF6A6E19B737D40022AE12 /* ContainerViewController.m in Sources */,
				F3A7154319B86DB2004D630D /* HomePageNextStepViewController.m in Sources */,
				F3BF6A7319B73B930022AE12 /* HomePageViewController.m in Sources */,
				F3BF6A4819B5EA4C0022AE12 /* LoginFormView.m in Sources */,
				F3BF6A4C19B6A49D0022AE12 /* HomeViewController.m in Sources */,
				F344BA6A19B3109500C22589 /* main.m in Sources */,
				F3BF6A7819B73BF10022AE12 /* ChatListViewController.m in Sources */,
				F3BF6A7D19B73C280022AE12 /* SettingsViewController.m in Sources */,
			);
			runOnlyForDeploymentPostprocessing = 0;
		};
		F344BA7619B3109500C22589 /* Sources */ = {
			isa = PBXSourcesBuildPhase;
			buildActionMask = 2147483647;
			files = (
				F344BA8119B3109500C22589 /* xcode6TestTests.m in Sources */,
			);
			runOnlyForDeploymentPostprocessing = 0;
		};
/* End PBXSourcesBuildPhase section */

/* Begin PBXTargetDependency section */
		F344BA7C19B3109500C22589 /* PBXTargetDependency */ = {
			isa = PBXTargetDependency;
			target = F344BA6319B3109500C22589 /* xcode6Test */;
			targetProxy = F344BA7B19B3109500C22589 /* PBXContainerItemProxy */;
		};
/* End PBXTargetDependency section */

/* Begin PBXVariantGroup section */
		F344BA7119B3109500C22589 /* Main.storyboard */ = {
			isa = PBXVariantGroup;
			children = (
				F344BA7219B3109500C22589 /* Base */,
			);
			name = Main.storyboard;
			sourceTree = "<group>";
		};
/* End PBXVariantGroup section */

/* Begin XCBuildConfiguration section */
		F344BA8219B3109500C22589 /* Debug */ = {
			isa = XCBuildConfiguration;
			buildSettings = {
				ALWAYS_SEARCH_USER_PATHS = NO;
				CLANG_CXX_LANGUAGE_STANDARD = "gnu++0x";
				CLANG_CXX_LIBRARY = "libc++";
				CLANG_ENABLE_MODULES = YES;
				CLANG_ENABLE_OBJC_ARC = YES;
				CLANG_WARN_BOOL_CONVERSION = YES;
				CLANG_WARN_CONSTANT_CONVERSION = YES;
				CLANG_WARN_DIRECT_OBJC_ISA_USAGE = YES_ERROR;
				CLANG_WARN_EMPTY_BODY = YES;
				CLANG_WARN_ENUM_CONVERSION = YES;
				CLANG_WARN_INT_CONVERSION = YES;
				CLANG_WARN_OBJC_ROOT_CLASS = YES_ERROR;
				CLANG_WARN_UNREACHABLE_CODE = YES;
				CLANG_WARN__DUPLICATE_METHOD_MATCH = YES;
				"CODE_SIGN_IDENTITY[sdk=iphoneos*]" = "iPhone Developer";
				COPY_PHASE_STRIP = NO;
				ENABLE_STRICT_OBJC_MSGSEND = YES;
				GCC_C_LANGUAGE_STANDARD = gnu99;
				GCC_DYNAMIC_NO_PIC = NO;
				GCC_OPTIMIZATION_LEVEL = 0;
				GCC_PREPROCESSOR_DEFINITIONS = (
					"DEBUG=1",
					"$(inherited)",
				);
				GCC_SYMBOLS_PRIVATE_EXTERN = NO;
				GCC_WARN_64_TO_32_BIT_CONVERSION = YES;
				GCC_WARN_ABOUT_RETURN_TYPE = YES_ERROR;
				GCC_WARN_UNDECLARED_SELECTOR = YES;
				GCC_WARN_UNINITIALIZED_AUTOS = YES_AGGRESSIVE;
				GCC_WARN_UNUSED_FUNCTION = YES;
				GCC_WARN_UNUSED_VARIABLE = YES;
				IPHONEOS_DEPLOYMENT_TARGET = 8.0;
				MTL_ENABLE_DEBUG_INFO = YES;
				ONLY_ACTIVE_ARCH = YES;
				SDKROOT = iphoneos;
			};
			name = Debug;
		};
		F344BA8319B3109500C22589 /* Release */ = {
			isa = XCBuildConfiguration;
			buildSettings = {
				ALWAYS_SEARCH_USER_PATHS = NO;
				CLANG_CXX_LANGUAGE_STANDARD = "gnu++0x";
				CLANG_CXX_LIBRARY = "libc++";
				CLANG_ENABLE_MODULES = YES;
				CLANG_ENABLE_OBJC_ARC = YES;
				CLANG_WARN_BOOL_CONVERSION = YES;
				CLANG_WARN_CONSTANT_CONVERSION = YES;
				CLANG_WARN_DIRECT_OBJC_ISA_USAGE = YES_ERROR;
				CLANG_WARN_EMPTY_BODY = YES;
				CLANG_WARN_ENUM_CONVERSION = YES;
				CLANG_WARN_INT_CONVERSION = YES;
				CLANG_WARN_OBJC_ROOT_CLASS = YES_ERROR;
				CLANG_WARN_UNREACHABLE_CODE = YES;
				CLANG_WARN__DUPLICATE_METHOD_MATCH = YES;
				"CODE_SIGN_IDENTITY[sdk=iphoneos*]" = "iPhone Developer";
				COPY_PHASE_STRIP = YES;
				ENABLE_NS_ASSERTIONS = NO;
				ENABLE_STRICT_OBJC_MSGSEND = YES;
				GCC_C_LANGUAGE_STANDARD = gnu99;
				GCC_WARN_64_TO_32_BIT_CONVERSION = YES;
				GCC_WARN_ABOUT_RETURN_TYPE = YES_ERROR;
				GCC_WARN_UNDECLARED_SELECTOR = YES;
				GCC_WARN_UNINITIALIZED_AUTOS = YES_AGGRESSIVE;
				GCC_WARN_UNUSED_FUNCTION = YES;
				GCC_WARN_UNUSED_VARIABLE = YES;
				IPHONEOS_DEPLOYMENT_TARGET = 8.0;
				MTL_ENABLE_DEBUG_INFO = NO;
				SDKROOT = iphoneos;
				VALIDATE_PRODUCT = YES;
			};
			name = Release;
		};
		F344BA8519B3109500C22589 /* Debug */ = {
			isa = XCBuildConfiguration;
			buildSettings = {
				ASSETCATALOG_COMPILER_APPICON_NAME = AppIcon;
				ASSETCATALOG_COMPILER_LAUNCHIMAGE_NAME = LaunchImage;
				INFOPLIST_FILE = xcode6Test/Info.plist;
				IPHONEOS_DEPLOYMENT_TARGET = 7.1;
				LD_RUNPATH_SEARCH_PATHS = "$(inherited) @executable_path/Frameworks";
				PRODUCT_NAME = "$(TARGET_NAME)";
			};
			name = Debug;
		};
		F344BA8619B3109500C22589 /* Release */ = {
			isa = XCBuildConfiguration;
			buildSettings = {
				ASSETCATALOG_COMPILER_APPICON_NAME = AppIcon;
				ASSETCATALOG_COMPILER_LAUNCHIMAGE_NAME = LaunchImage;
				INFOPLIST_FILE = xcode6Test/Info.plist;
				IPHONEOS_DEPLOYMENT_TARGET = 7.1;
				LD_RUNPATH_SEARCH_PATHS = "$(inherited) @executable_path/Frameworks";
				PRODUCT_NAME = "$(TARGET_NAME)";
			};
			name = Release;
		};
		F344BA8819B3109500C22589 /* Debug */ = {
			isa = XCBuildConfiguration;
			buildSettings = {
				BUNDLE_LOADER = "$(TEST_HOST)";
				FRAMEWORK_SEARCH_PATHS = (
					"$(SDKROOT)/Developer/Library/Frameworks",
					"$(inherited)",
				);
				GCC_PREPROCESSOR_DEFINITIONS = (
					"DEBUG=1",
					"$(inherited)",
				);
				INFOPLIST_FILE = xcode6TestTests/Info.plist;
				LD_RUNPATH_SEARCH_PATHS = "$(inherited) @executable_path/Frameworks @loader_path/Frameworks";
				PRODUCT_NAME = "$(TARGET_NAME)";
				TEST_HOST = "$(BUILT_PRODUCTS_DIR)/xcode6Test.app/xcode6Test";
			};
			name = Debug;
		};
		F344BA8919B3109500C22589 /* Release */ = {
			isa = XCBuildConfiguration;
			buildSettings = {
				BUNDLE_LOADER = "$(TEST_HOST)";
				FRAMEWORK_SEARCH_PATHS = (
					"$(SDKROOT)/Developer/Library/Frameworks",
					"$(inherited)",
				);
				INFOPLIST_FILE = xcode6TestTests/Info.plist;
				LD_RUNPATH_SEARCH_PATHS = "$(inherited) @executable_path/Frameworks @loader_path/Frameworks";
				PRODUCT_NAME = "$(TARGET_NAME)";
				TEST_HOST = "$(BUILT_PRODUCTS_DIR)/xcode6Test.app/xcode6Test";
			};
			name = Release;
		};
/* End XCBuildConfiguration section */

/* Begin XCConfigurationList section */
		F344BA5F19B3109500C22589 /* Build configuration list for PBXProject "xcode6Test" */ = {
			isa = XCConfigurationList;
			buildConfigurations = (
				F344BA8219B3109500C22589 /* Debug */,
				F344BA8319B3109500C22589 /* Release */,
			);
			defaultConfigurationIsVisible = 0;
			defaultConfigurationName = Release;
		};
		F344BA8419B3109500C22589 /* Build configuration list for PBXNativeTarget "xcode6Test" */ = {
			isa = XCConfigurationList;
			buildConfigurations = (
				F344BA8519B3109500C22589 /* Debug */,
				F344BA8619B3109500C22589 /* Release */,
			);
			defaultConfigurationIsVisible = 0;
			defaultConfigurationName = Release;
		};
		F344BA8719B3109500C22589 /* Build configuration list for PBXNativeTarget "xcode6TestTests" */ = {
			isa = XCConfigurationList;
			buildConfigurations = (
				F344BA8819B3109500C22589 /* Debug */,
				F344BA8919B3109500C22589 /* Release */,
			);
			defaultConfigurationIsVisible = 0;
			defaultConfigurationName = Release;
		};
/* End XCConfigurationList section */
	};
	rootObject = F344BA5C19B3109500C22589 /* Project object */;
}
